
Microsoft Visual Studio Solution File, Format Version 12.00
# Visual Studio Version 16
VisualStudioVersion = 16.0.30225.117
MinimumVisualStudioVersion = 10.0.40219.1
Project("{FAE04EC0-301F-11D3-BF4B-00C04F79EFBC}") = "WindowsFormsApp39", "WindowsFormsApp39\WindowsFormsApp39.csproj", "{5FD1FC86-C120-44E7-A4BC-DD454522343A}"
EndProject
Global
	GlobalSection(SolutionConfigurationPlatforms) = preSolution
		Debug|Any CPU = Debug|Any CPU
		Release|Any CPU = Release|Any CPU
	EndGlobalSection
	GlobalSection(ProjectConfigurationPlatforms) = postSolution
		{5FD1FC86-C120-44E7-A4BC-DD454522343A}.Debug|Any CPU.ActiveCfg = Debug|Any CPU
		{5FD1FC86-C120-44E7-A4BC-DD454522343A}.Debug|Any CPU.Build.0 = Debug|Any CPU
		{5FD1FC86-C120-44E7-A4BC-DD454522343A}.Release|Any CPU.ActiveCfg = Release|Any CPU
		{5FD1FC86-C120-44E7-A4BC-DD454522343A}.Release|Any CPU.Build.0 = Release|Any CPU
	EndGlobalSection
	GlobalSection(SolutionProperties) = preSolution
		HideSolutionNode = FALSE
	EndGlobalSection
	GlobalSection(ExtensibilityGlobals) = postSolution
		SolutionGuid = {E41646AE-698B-4A53-BFB9-82AF420ACC0E}
	EndGlobalSection
EndGlobal
